
Microsoft Visual Studio Solution File, Format Version 12.00
# Visual Studio Version 17
VisualStudioVersion = 17.0.31903.59
MinimumVisualStudioVersion = 10.0.40219.1
Project("{FAE04EC0-301F-11D3-BF4B-00C04F79EFBC}") = "StarRailAPI", "StarRailAPI\StarRailAPI.csproj", "{F72D44D8-16F2-4221-99D6-37D8BBA22D91}"
EndProject
Project("{FAE04EC0-301F-11D3-BF4B-00C04F79EFBC}") = "StarRailAPI.Test", "StarRailAPI.Test\StarRailAPI.Test.csproj", "{CDE5A25E-29A5-4F56-95E2-DE3A29C655CA}"
EndProject
Global
	GlobalSection(SolutionConfigurationPlatforms) = preSolution
		Debug|Any CPU = Debug|Any CPU
		Release|Any CPU = Release|Any CPU
	EndGlobalSection
	GlobalSection(SolutionProperties) = preSolution
		HideSolutionNode = FALSE
	EndGlobalSection
	GlobalSection(ProjectConfigurationPlatforms) = postSolution
		{F72D44D8-16F2-4221-99D6-37D8BBA22D91}.Debug|Any CPU.ActiveCfg = Debug|Any CPU
		{F72D44D8-16F2-4221-99D6-37D8BBA22D91}.Debug|Any CPU.Build.0 = Debug|Any CPU
		{F72D44D8-16F2-4221-99D6-37D8BBA22D91}.Release|Any CPU.ActiveCfg = Release|Any CPU
		{F72D44D8-16F2-4221-99D6-37D8BBA22D91}.Release|Any CPU.Build.0 = Release|Any CPU
		{CDE5A25E-29A5-4F56-95E2-DE3A29C655CA}.Debug|Any CPU.ActiveCfg = Debug|Any CPU
		{CDE5A25E-29A5-4F56-95E2-DE3A29C655CA}.Debug|Any CPU.Build.0 = Debug|Any CPU
		{CDE5A25E-29A5-4F56-95E2-DE3A29C655CA}.Release|Any CPU.ActiveCfg = Release|Any CPU
		{CDE5A25E-29A5-4F56-95E2-DE3A29C655CA}.Release|Any CPU.Build.0 = Release|Any CPU
	EndGlobalSection
EndGlobal
